
Microsoft Visual Studio Solution File, Format Version 12.00
# Visual Studio 15
VisualStudioVersion = 15.0.26228.9
MinimumVisualStudioVersion = 10.0.40219.1
Project("{FAE04EC0-301F-11D3-BF4B-00C04F79EFBC}") = "App1.Android", "App1\App1.Android\App1.Android.csproj", "{B57B72A3-F0D3-4F09-AD53-0C3CD420097D}"
EndProject
Project("{FAE04EC0-301F-11D3-BF4B-00C04F79EFBC}") = "App1", "App1\App1\App1.csproj", "{0A8BFE6D-BE5B-4256-932A-F935DFC9B1FA}"
EndProject
Project("{FAE04EC0-301F-11D3-BF4B-00C04F79EFBC}") = "App1.UWP", "App1\App1.UWP\App1.UWP.csproj", "{B2C8EE13-09F8-4160-9BAD-BFDD366C6582}"
EndProject
Project("{FAE04EC0-301F-11D3-BF4B-00C04F79EFBC}") = "App1.iOS", "App1\App1.iOS\App1.iOS.csproj", "{9932F765-EBFF-4135-9225-27C3DA532ADF}"
EndProject
Global
	GlobalSection(SolutionConfigurationPlatforms) = preSolution
		Ad-Hoc|Any CPU = Ad-Hoc|Any CPU
		Ad-Hoc|ARM = Ad-Hoc|ARM
		Ad-Hoc|iPhone = Ad-Hoc|iPhone
		Ad-Hoc|iPhoneSimulator = Ad-Hoc|iPhoneSimulator
		Ad-Hoc|x64 = Ad-Hoc|x64
		Ad-Hoc|x86 = Ad-Hoc|x86
		AppStore|Any CPU = AppStore|Any CPU
		AppStore|ARM = AppStore|ARM
		AppStore|iPhone = AppStore|iPhone
		AppStore|iPhoneSimulator = AppStore|iPhoneSimulator
		AppStore|x64 = AppStore|x64
		AppStore|x86 = AppStore|x86
		Debug|Any CPU = Debug|Any CPU
		Debug|ARM = Debug|ARM
		Debug|iPhone = Debug|iPhone
		Debug|iPhoneSimulator = Debug|iPhoneSimulator
		Debug|x64 = Debug|x64
		Debug|x86 = Debug|x86
		Release|Any CPU = Release|Any CPU
		Release|ARM = Release|ARM
		Release|iPhone = Release|iPhone
		Release|iPhoneSimulator = Release|iPhoneSimulator
		Release|x64 = Release|x64
		Release|x86 = Release|x86
	EndGlobalSection
	GlobalSection(ProjectConfigurationPlatforms) = postSolution
		{B57B72A3-F0D3-4F09-AD53-0C3CD420097D}.Ad-Hoc|Any CPU.ActiveCfg = Release|Any CPU
		{B57B72A3-F0D3-4F09-AD53-0C3CD420097D}.Ad-Hoc|Any CPU.Build.0 = Release|Any CPU
		{B57B72A3-F0D3-4F09-AD53-0C3CD420097D}.Ad-Hoc|Any CPU.Deploy.0 = Release|Any CPU
		{B57B72A3-F0D3-4F09-AD53-0C3CD420097D}.Ad-Hoc|ARM.ActiveCfg = Release|Any CPU
		{B57B72A3-F0D3-4F09-AD53-0C3CD420097D}.Ad-Hoc|ARM.Build.0 = Release|Any CPU
		{B57B72A3-F0D3-4F09-AD53-0C3CD420097D}.Ad-Hoc|ARM.Deploy.0 = Release|Any CPU
		{B57B72A3-F0D3-4F09-AD53-0C3CD420097D}.Ad-Hoc|iPhone.ActiveCfg = Release|Any CPU
		{B57B72A3-F0D3-4F09-AD53-0C3CD420097D}.Ad-Hoc|iPhone.Build.0 = Release|Any CPU
		{B57B72A3-F0D3-4F09-AD53-0C3CD420097D}.Ad-Hoc|iPhone.Deploy.0 = Release|Any CPU
		{B57B72A3-F0D3-4F09-AD53-0C3CD420097D}.Ad-Hoc|iPhoneSimulator.ActiveCfg = Release|Any CPU
		{B57B72A3-F0D3-4F09-AD53-0C3CD420097D}.Ad-Hoc|iPhoneSimulator.Build.0 = Release|Any CPU
		{B57B72A3-F0D3-4F09-AD53-0C3CD420097D}.Ad-Hoc|iPhoneSimulator.Deploy.0 = Release|Any CPU
		{B57B72A3-F0D3-4F09-AD53-0C3CD420097D}.Ad-Hoc|x64.ActiveCfg = Release|Any CPU
		{B57B72A3-F0D3-4F09-AD53-0C3CD420097D}.Ad-Hoc|x64.Build.0 = Release|Any CPU
		{B57B72A3-F0D3-4F09-AD53-0C3CD420097D}.Ad-Hoc|x64.Deploy.0 = Release|Any CPU
		{B57B72A3-F0D3-4F09-AD53-0C3CD420097D}.Ad-Hoc|x86.ActiveCfg = Release|Any CPU
		{B57B72A3-F0D3-4F09-AD53-0C3CD420097D}.Ad-Hoc|x86.Build.0 = Release|Any CPU
		{B57B72A3-F0D3-4F09-AD53-0C3CD420097D}.Ad-Hoc|x86.Deploy.0 = Release|Any CPU
		{B57B72A3-F0D3-4F09-AD53-0C3CD420097D}.AppStore|Any CPU.ActiveCfg = Release|Any CPU
		{B57B72A3-F0D3-4F09-AD53-0C3CD420097D}.AppStore|Any CPU.Build.0 = Release|Any CPU
		{B57B72A3-F0D3-4F09-AD53-0C3CD420097D}.AppStore|Any CPU.Deploy.0 = Release|Any CPU
		{B57B72A3-F0D3-4F09-AD53-0C3CD420097D}.AppStore|ARM.ActiveCfg = Release|Any CPU
		{B57B72A3-F0D3-4F09-AD53-0C3CD420097D}.AppStore|ARM.Build.0 = Release|Any CPU
		{B57B72A3-F0D3-4F09-AD53-0C3CD420097D}.AppStore|ARM.Deploy.0 = Release|Any CPU
		{B57B72A3-F0D3-4F09-AD53-0C3CD420097D}.AppStore|iPhone.ActiveCfg = Release|Any CPU
		{B57B72A3-F0D3-4F09-AD53-0C3CD420097D}.AppStore|iPhone.Build.0 = Release|Any CPU
		{B57B72A3-F0D3-4F09-AD53-0C3CD420097D}.AppStore|iPhone.Deploy.0 = Release|Any CPU
		{B57B72A3-F0D3-4F09-AD53-0C3CD420097D}.AppStore|iPhoneSimulator.ActiveCfg = Release|Any CPU
		{B57B72A3-F0D3-4F09-AD53-0C3CD420097D}.AppStore|iPhoneSimulator.Build.0 = Release|Any CPU
		{B57B72A3-F0D3-4F09-AD53-0C3CD420097D}.AppStore|iPhoneSimulator.Deploy.0 = Release|Any CPU
		{B57B72A3-F0D3-4F09-AD53-0C3CD420097D}.AppStore|x64.ActiveCfg = Release|Any CPU
		{B57B72A3-F0D3-4F09-AD53-0C3CD420097D}.AppStore|x64.Build.0 = Release|Any CPU
		{B57B72A3-F0D3-4F09-AD53-0C3CD420097D}.AppStore|x64.Deploy.0 = Release|Any CPU
		{B57B72A3-F0D3-4F09-AD53-0C3CD420097D}.AppStore|x86.ActiveCfg = Release|Any CPU
		{B57B72A3-F0D3-4F09-AD53-0C3CD420097D}.AppStore|x86.Build.0 = Release|Any CPU
		{B57B72A3-F0D3-4F09-AD53-0C3CD420097D}.AppStore|x86.Deploy.0 = Release|Any CPU
		{B57B72A3-F0D3-4F09-AD53-0C3CD420097D}.Debug|Any CPU.ActiveCfg = Debug|Any CPU
		{B57B72A3-F0D3-4F09-AD53-0C3CD420097D}.Debug|Any CPU.Build.0 = Debug|Any CPU
		{B57B72A3-F0D3-4F09-AD53-0C3CD420097D}.Debug|Any CPU.Deploy.0 = Debug|Any CPU
		{B57B72A3-F0D3-4F09-AD53-0C3CD420097D}.Debug|ARM.ActiveCfg = Debug|Any CPU
		{B57B72A3-F0D3-4F09-AD53-0C3CD420097D}.Debug|ARM.Build.0 = Debug|Any CPU
		{B57B72A3-F0D3-4F09-AD53-0C3CD420097D}.Debug|ARM.Deploy.0 = Debug|Any CPU
		{B57B72A3-F0D3-4F09-AD53-0C3CD420097D}.Debug|iPhone.ActiveCfg = Debug|Any CPU
		{B57B72A3-F0D3-4F09-AD53-0C3CD420097D}.Debug|iPhone.Build.0 = Debug|Any CPU
		{B57B72A3-F0D3-4F09-AD53-0C3CD420097D}.Debug|iPhone.Deploy.0 = Debug|Any CPU
		{B57B72A3-F0D3-4F09-AD53-0C3CD420097D}.Debug|iPhoneSimulator.ActiveCfg = Debug|Any CPU
		{B57B72A3-F0D3-4F09-AD53-0C3CD420097D}.Debug|iPhoneSimulator.Build.0 = Debug|Any CPU
		{B57B72A3-F0D3-4F09-AD53-0C3CD420097D}.Debug|iPhoneSimulator.Deploy.0 = Debug|Any CPU
		{B57B72A3-F0D3-4F09-AD53-0C3CD420097D}.Debug|x64.ActiveCfg = Debug|Any CPU
		{B57B72A3-F0D3-4F09-AD53-0C3CD420097D}.Debug|x64.Build.0 = Debug|Any CPU
		{B57B72A3-F0D3-4F09-AD53-0C3CD420097D}.Debug|x64.Deploy.0 = Debug|Any CPU
		{B57B72A3-F0D3-4F09-AD53-0C3CD420097D}.Debug|x86.ActiveCfg = Debug|Any CPU
		{B57B72A3-F0D3-4F09-AD53-0C3CD420097D}.Debug|x86.Build.0 = Debug|Any CPU
		{B57B72A3-F0D3-4F09-AD53-0C3CD420097D}.Debug|x86.Deploy.0 = Debug|Any CPU
		{B57B72A3-F0D3-4F09-AD53-0C3CD420097D}.Release|Any CPU.ActiveCfg = Release|Any CPU
		{B57B72A3-F0D3-4F09-AD53-0C3CD420097D}.Release|Any CPU.Build.0 = Release|Any CPU
		{B57B72A3-F0D3-4F09-AD53-0C3CD420097D}.Release|Any CPU.Deploy.0 = Release|Any CPU
		{B57B72A3-F0D3-4F09-AD53-0C3CD420097D}.Release|ARM.ActiveCfg = Release|Any CPU
		{B57B72A3-F0D3-4F09-AD53-0C3CD420097D}.Release|ARM.Build.0 = Release|Any CPU
		{B57B72A3-F0D3-4F09-AD53-0C3CD420097D}.Release|ARM.Deploy.0 = Release|Any CPU
		{B57B72A3-F0D3-4F09-AD53-0C3CD420097D}.Release|iPhone.ActiveCfg = Release|Any CPU
		{B57B72A3-F0D3-4F09-AD53-0C3CD420097D}.Release|iPhone.Build.0 = Release|Any CPU
		{B57B72A3-F0D3-4F09-AD53-0C3CD420097D}.Release|iPhone.Deploy.0 = Release|Any CPU
		{B57B72A3-F0D3-4F09-AD53-0C3CD420097D}.Release|iPhoneSimulator.ActiveCfg = Release|Any CPU
		{B57B72A3-F0D3-4F09-AD53-0C3CD420097D}.Release|iPhoneSimulator.Build.0 = Release|Any CPU
		{B57B72A3-F0D3-4F09-AD53-0C3CD420097D}.Release|iPhoneSimulator.Deploy.0 = Release|Any CPU
		{B57B72A3-F0D3-4F09-AD53-0C3CD420097D}.Release|x64.ActiveCfg = Release|Any CPU
		{B57B72A3-F0D3-4F09-AD53-0C3CD420097D}.Release|x64.Build.0 = Release|Any CPU
		{B57B72A3-F0D3-4F09-AD53-0C3CD420097D}.Release|x64.Deploy.0 = Release|Any CPU
		{B57B72A3-F0D3-4F09-AD53-0C3CD420097D}.Release|x86.ActiveCfg = Release|Any CPU
		{B57B72A3-F0D3-4F09-AD53-0C3CD420097D}.Release|x86.Build.0 = Release|Any CPU
		{B57B72A3-F0D3-4F09-AD53-0C3CD420097D}.Release|x86.Deploy.0 = Release|Any CPU
		{0A8BFE6D-BE5B-4256-932A-F935DFC9B1FA}.Ad-Hoc|Any CPU.ActiveCfg = Release|Any CPU
		{0A8BFE6D-BE5B-4256-932A-F935DFC9B1FA}.Ad-Hoc|Any CPU.Build.0 = Release|Any CPU
		{0A8BFE6D-BE5B-4256-932A-F935DFC9B1FA}.Ad-Hoc|ARM.ActiveCfg = Release|Any CPU
		{0A8BFE6D-BE5B-4256-932A-F935DFC9B1FA}.Ad-Hoc|ARM.Build.0 = Release|Any CPU
		{0A8BFE6D-BE5B-4256-932A-F935DFC9B1FA}.Ad-Hoc|iPhone.ActiveCfg = Release|Any CPU
		{0A8BFE6D-BE5B-4256-932A-F935DFC9B1FA}.Ad-Hoc|iPhone.Build.0 = Release|Any CPU
		{0A8BFE6D-BE5B-4256-932A-F935DFC9B1FA}.Ad-Hoc|iPhoneSimulator.ActiveCfg = Release|Any CPU
		{0A8BFE6D-BE5B-4256-932A-F935DFC9B1FA}.Ad-Hoc|iPhoneSimulator.Build.0 = Release|Any CPU
		{0A8BFE6D-BE5B-4256-932A-F935DFC9B1FA}.Ad-Hoc|x64.ActiveCfg = Release|Any CPU
		{0A8BFE6D-BE5B-4256-932A-F935DFC9B1FA}.Ad-Hoc|x64.Build.0 = Release|Any CPU
		{0A8BFE6D-BE5B-4256-932A-F935DFC9B1FA}.Ad-Hoc|x86.ActiveCfg = Release|Any CPU
		{0A8BFE6D-BE5B-4256-932A-F935DFC9B1FA}.Ad-Hoc|x86.Build.0 = Release|Any CPU
		{0A8BFE6D-BE5B-4256-932A-F935DFC9B1FA}.AppStore|Any CPU.ActiveCfg = Release|Any CPU
		{0A8BFE6D-BE5B-4256-932A-F935DFC9B1FA}.AppStore|Any CPU.Build.0 = Release|Any CPU
		{0A8BFE6D-BE5B-4256-932A-F935DFC9B1FA}.AppStore|ARM.ActiveCfg = Release|Any CPU
		{0A8BFE6D-BE5B-4256-932A-F935DFC9B1FA}.AppStore|ARM.Build.0 = Release|Any CPU
		{0A8BFE6D-BE5B-4256-932A-F935DFC9B1FA}.AppStore|iPhone.ActiveCfg = Release|Any CPU
		{0A8BFE6D-BE5B-4256-932A-F935DFC9B1FA}.AppStore|iPhone.Build.0 = Release|Any CPU
		{0A8BFE6D-BE5B-4256-932A-F935DFC9B1FA}.AppStore|iPhoneSimulator.ActiveCfg = Release|Any CPU
		{0A8BFE6D-BE5B-4256-932A-F935DFC9B1FA}.AppStore|iPhoneSimulator.Build.0 = Release|Any CPU
		{0A8BFE6D-BE5B-4256-932A-F935DFC9B1FA}.AppStore|x64.ActiveCfg = Release|Any CPU
		{0A8BFE6D-BE5B-4256-932A-F935DFC9B1FA}.AppStore|x64.Build.0 = Release|Any CPU
		{0A8BFE6D-BE5B-4256-932A-F935DFC9B1FA}.AppStore|x86.ActiveCfg = Release|Any CPU
		{0A8BFE6D-BE5B-4256-932A-F935DFC9B1FA}.AppStore|x86.Build.0 = Release|Any CPU
		{0A8BFE6D-BE5B-4256-932A-F935DFC9B1FA}.Debug|Any CPU.ActiveCfg = Debug|Any CPU
		{0A8BFE6D-BE5B-4256-932A-F935DFC9B1FA}.Debug|Any CPU.Build.0 = Debug|Any CPU
		{0A8BFE6D-BE5B-4256-932A-F935DFC9B1FA}.Debug|ARM.ActiveCfg = Debug|Any CPU
		{0A8BFE6D-BE5B-4256-932A-F935DFC9B1FA}.Debug|ARM.Build.0 = Debug|Any CPU
		{0A8BFE6D-BE5B-4256-932A-F935DFC9B1FA}.Debug|iPhone.ActiveCfg = Debug|Any CPU
		{0A8BFE6D-BE5B-4256-932A-F935DFC9B1FA}.Debug|iPhone.Build.0 = Debug|Any CPU
		{0A8BFE6D-BE5B-4256-932A-F935DFC9B1FA}.Debug|iPhoneSimulator.ActiveCfg = Debug|Any CPU
		{0A8BFE6D-BE5B-4256-932A-F935DFC9B1FA}.Debug|iPhoneSimulator.Build.0 = Debug|Any CPU
		{0A8BFE6D-BE5B-4256-932A-F935DFC9B1FA}.Debug|x64.ActiveCfg = Debug|Any CPU
		{0A8BFE6D-BE5B-4256-932A-F935DFC9B1FA}.Debug|x64.Build.0 = Debug|Any CPU
		{0A8BFE6D-BE5B-4256-932A-F935DFC9B1FA}.Debug|x86.ActiveCfg = Debug|Any CPU
		{0A8BFE6D-BE5B-4256-932A-F935DFC9B1FA}.Debug|x86.Build.0 = Debug|Any CPU
		{0A8BFE6D-BE5B-4256-932A-F935DFC9B1FA}.Release|Any CPU.ActiveCfg = Release|Any CPU
		{0A8BFE6D-BE5B-4256-932A-F935DFC9B1FA}.Release|Any CPU.Build.0 = Release|Any CPU
		{0A8BFE6D-BE5B-4256-932A-F935DFC9B1FA}.Release|ARM.ActiveCfg = Release|Any CPU
		{0A8BFE6D-BE5B-4256-932A-F935DFC9B1FA}.Release|ARM.Build.0 = Release|Any CPU
		{0A8BFE6D-BE5B-4256-932A-F935DFC9B1FA}.Release|iPhone.ActiveCfg = Release|Any CPU
		{0A8BFE6D-BE5B-4256-932A-F935DFC9B1FA}.Release|iPhone.Build.0 = Release|Any CPU
		{0A8BFE6D-BE5B-4256-932A-F935DFC9B1FA}.Release|iPhoneSimulator.ActiveCfg = Release|Any CPU
		{0A8BFE6D-BE5B-4256-932A-F935DFC9B1FA}.Release|iPhoneSimulator.Build.0 = Release|Any CPU
		{0A8BFE6D-BE5B-4256-932A-F935DFC9B1FA}.Release|x64.ActiveCfg = Release|Any CPU
		{0A8BFE6D-BE5B-4256-932A-F935DFC9B1FA}.Release|x64.Build.0 = Release|Any CPU
		{0A8BFE6D-BE5B-4256-932A-F935DFC9B1FA}.Release|x86.ActiveCfg = Release|Any CPU
		{0A8BFE6D-BE5B-4256-932A-F935DFC9B1FA}.Release|x86.Build.0 = Release|Any CPU
		{B2C8EE13-09F8-4160-9BAD-BFDD366C6582}.Ad-Hoc|Any CPU.ActiveCfg = Release|x86
		{B2C8EE13-09F8-4160-9BAD-BFDD366C6582}.Ad-Hoc|Any CPU.Build.0 = Release|x86
		{B2C8EE13-09F8-4160-9BAD-BFDD366C6582}.Ad-Hoc|Any CPU.Deploy.0 = Release|x86
		{B2C8EE13-09F8-4160-9BAD-BFDD366C6582}.Ad-Hoc|ARM.ActiveCfg = Release|ARM
		{B2C8EE13-09F8-4160-9BAD-BFDD366C6582}.Ad-Hoc|ARM.Build.0 = Release|ARM
		{B2C8EE13-09F8-4160-9BAD-BFDD366C6582}.Ad-Hoc|ARM.Deploy.0 = Release|ARM
		{B2C8EE13-09F8-4160-9BAD-BFDD366C6582}.Ad-Hoc|iPhone.ActiveCfg = Release|x86
		{B2C8EE13-09F8-4160-9BAD-BFDD366C6582}.Ad-Hoc|iPhone.Build.0 = Release|x86
		{B2C8EE13-09F8-4160-9BAD-BFDD366C6582}.Ad-Hoc|iPhone.Deploy.0 = Release|x86
		{B2C8EE13-09F8-4160-9BAD-BFDD366C6582}.Ad-Hoc|iPhoneSimulator.ActiveCfg = Release|x86
		{B2C8EE13-09F8-4160-9BAD-BFDD366C6582}.Ad-Hoc|iPhoneSimulator.Build.0 = Release|x86
		{B2C8EE13-09F8-4160-9BAD-BFDD366C6582}.Ad-Hoc|iPhoneSimulator.Deploy.0 = Release|x86
		{B2C8EE13-09F8-4160-9BAD-BFDD366C6582}.Ad-Hoc|x64.ActiveCfg = Release|x64
		{B2C8EE13-09F8-4160-9BAD-BFDD366C6582}.Ad-Hoc|x64.Build.0 = Release|x64
		{B2C8EE13-09F8-4160-9BAD-BFDD366C6582}.Ad-Hoc|x64.Deploy.0 = Release|x64
		{B2C8EE13-09F8-4160-9BAD-BFDD366C6582}.Ad-Hoc|x86.ActiveCfg = Release|x86
		{B2C8EE13-09F8-4160-9BAD-BFDD366C6582}.Ad-Hoc|x86.Build.0 = Release|x86
		{B2C8EE13-09F8-4160-9BAD-BFDD366C6582}.Ad-Hoc|x86.Deploy.0 = Release|x86
		{B2C8EE13-09F8-4160-9BAD-BFDD366C6582}.AppStore|Any CPU.ActiveCfg = Release|x86
		{B2C8EE13-09F8-4160-9BAD-BFDD366C6582}.AppStore|Any CPU.Build.0 = Release|x86
		{B2C8EE13-09F8-4160-9BAD-BFDD366C6582}.AppStore|Any CPU.Deploy.0 = Release|x86
		{B2C8EE13-09F8-4160-9BAD-BFDD366C6582}.AppStore|ARM.ActiveCfg = Release|ARM
		{B2C8EE13-09F8-4160-9BAD-BFDD366C6582}.AppStore|ARM.Build.0 = Release|ARM
		{B2C8EE13-09F8-4160-9BAD-BFDD366C6582}.AppStore|ARM.Deploy.0 = Release|ARM
		{B2C8EE13-09F8-4160-9BAD-BFDD366C6582}.AppStore|iPhone.ActiveCfg = Release|x86
		{B2C8EE13-09F8-4160-9BAD-BFDD366C6582}.AppStore|iPhone.Build.0 = Release|x86
		{B2C8EE13-09F8-4160-9BAD-BFDD366C6582}.AppStore|iPhone.Deploy.0 = Release|x86
		{B2C8EE13-09F8-4160-9BAD-BFDD366C6582}.AppStore|iPhoneSimulator.ActiveCfg = Release|x86
		{B2C8EE13-09F8-4160-9BAD-BFDD366C6582}.AppStore|iPhoneSimulator.Build.0 = Release|x86
		{B2C8EE13-09F8-4160-9BAD-BFDD366C6582}.AppStore|iPhoneSimulator.Deploy.0 = Release|x86
		{B2C8EE13-09F8-4160-9BAD-BFDD366C6582}.AppStore|x64.ActiveCfg = Release|x64
		{B2C8EE13-09F8-4160-9BAD-BFDD366C6582}.AppStore|x64.Build.0 = Release|x64
		{B2C8EE13-09F8-4160-9BAD-BFDD366C6582}.AppStore|x64.Deploy.0 = Release|x64
		{B2C8EE13-09F8-4160-9BAD-BFDD366C6582}.AppStore|x86.ActiveCfg = Release|x86
		{B2C8EE13-09F8-4160-9BAD-BFDD366C6582}.AppStore|x86.Build.0 = Release|x86
		{B2C8EE13-09F8-4160-9BAD-BFDD366C6582}.AppStore|x86.Deploy.0 = Release|x86
		{B2C8EE13-09F8-4160-9BAD-BFDD366C6582}.Debug|Any CPU.ActiveCfg = Debug|x86
		{B2C8EE13-09F8-4160-9BAD-BFDD366C6582}.Debug|ARM.ActiveCfg = Debug|ARM
		{B2C8EE13-09F8-4160-9BAD-BFDD366C6582}.Debug|ARM.Build.0 = Debug|ARM
		{B2C8EE13-09F8-4160-9BAD-BFDD366C6582}.Debug|ARM.Deploy.0 = Debug|ARM
		{B2C8EE13-09F8-4160-9BAD-BFDD366C6582}.Debug|iPhone.ActiveCfg = Debug|x86
		{B2C8EE13-09F8-4160-9BAD-BFDD366C6582}.Debug|iPhoneSimulator.ActiveCfg = Debug|x86
		{B2C8EE13-09F8-4160-9BAD-BFDD366C6582}.Debug|x64.ActiveCfg = Debug|x64
		{B2C8EE13-09F8-4160-9BAD-BFDD366C6582}.Debug|x64.Build.0 = Debug|x64
		{B2C8EE13-09F8-4160-9BAD-BFDD366C6582}.Debug|x64.Deploy.0 = Debug|x64
		{B2C8EE13-09F8-4160-9BAD-BFDD366C6582}.Debug|x86.ActiveCfg = Debug|x86
		{B2C8EE13-09F8-4160-9BAD-BFDD366C6582}.Debug|x86.Build.0 = Debug|x86
		{B2C8EE13-09F8-4160-9BAD-BFDD366C6582}.Debug|x86.Deploy.0 = Debug|x86
		{B2C8EE13-09F8-4160-9BAD-BFDD366C6582}.Release|Any CPU.ActiveCfg = Release|x86
		{B2C8EE13-09F8-4160-9BAD-BFDD366C6582}.Release|ARM.ActiveCfg = Release|ARM
		{B2C8EE13-09F8-4160-9BAD-BFDD366C6582}.Release|ARM.Build.0 = Release|ARM
		{B2C8EE13-09F8-4160-9BAD-BFDD366C6582}.Release|ARM.Deploy.0 = Release|ARM
		{B2C8EE13-09F8-4160-9BAD-BFDD366C6582}.Release|iPhone.ActiveCfg = Release|x86
		{B2C8EE13-09F8-4160-9BAD-BFDD366C6582}.Release|iPhoneSimulator.ActiveCfg = Release|x86
		{B2C8EE13-09F8-4160-9BAD-BFDD366C6582}.Release|x64.ActiveCfg = Release|x64
		{B2C8EE13-09F8-4160-9BAD-BFDD366C6582}.Release|x64.Build.0 = Release|x64
		{B2C8EE13-09F8-4160-9BAD-BFDD366C6582}.Release|x64.Deploy.0 = Release|x64
		{B2C8EE13-09F8-4160-9BAD-BFDD366C6582}.Release|x86.ActiveCfg = Release|x86
		{B2C8EE13-09F8-4160-9BAD-BFDD366C6582}.Release|x86.Build.0 = Release|x86
		{B2C8EE13-09F8-4160-9BAD-BFDD366C6582}.Release|x86.Deploy.0 = Release|x86
		{9932F765-EBFF-4135-9225-27C3DA532ADF}.Ad-Hoc|Any CPU.ActiveCfg = Ad-Hoc|iPhone
		{9932F765-EBFF-4135-9225-27C3DA532ADF}.Ad-Hoc|ARM.ActiveCfg = Ad-Hoc|iPhone
		{9932F765-EBFF-4135-9225-27C3DA532ADF}.Ad-Hoc|iPhone.ActiveCfg = Ad-Hoc|iPhone
		{9932F765-EBFF-4135-9225-27C3DA532ADF}.Ad-Hoc|iPhone.Build.0 = Ad-Hoc|iPhone
		{9932F765-EBFF-4135-9225-27C3DA532ADF}.Ad-Hoc|iPhoneSimulator.ActiveCfg = Ad-Hoc|iPhoneSimulator
		{9932F765-EBFF-4135-9225-27C3DA532ADF}.Ad-Hoc|iPhoneSimulator.Build.0 = Ad-Hoc|iPhoneSimulator
		{9932F765-EBFF-4135-9225-27C3DA532ADF}.Ad-Hoc|x64.ActiveCfg = Ad-Hoc|iPhone
		{9932F765-EBFF-4135-9225-27C3DA532ADF}.Ad-Hoc|x86.ActiveCfg = Ad-Hoc|iPhone
		{9932F765-EBFF-4135-9225-27C3DA532ADF}.AppStore|Any CPU.ActiveCfg = AppStore|iPhone
		{9932F765-EBFF-4135-9225-27C3DA532ADF}.AppStore|ARM.ActiveCfg = AppStore|iPhone
		{9932F765-EBFF-4135-9225-27C3DA532ADF}.AppStore|iPhone.ActiveCfg = AppStore|iPhone
		{9932F765-EBFF-4135-9225-27C3DA532ADF}.AppStore|iPhone.Build.0 = AppStore|iPhone
		{9932F765-EBFF-4135-9225-27C3DA532ADF}.AppStore|iPhoneSimulator.ActiveCfg = AppStore|iPhoneSimulator
		{9932F765-EBFF-4135-9225-27C3DA532ADF}.AppStore|iPhoneSimulator.Build.0 = AppStore|iPhoneSimulator
		{9932F765-EBFF-4135-9225-27C3DA532ADF}.AppStore|x64.ActiveCfg = AppStore|iPhone
		{9932F765-EBFF-4135-9225-27C3DA532ADF}.AppStore|x86.ActiveCfg = AppStore|iPhone
		{9932F765-EBFF-4135-9225-27C3DA532ADF}.Debug|Any CPU.ActiveCfg = Debug|iPhone
		{9932F765-EBFF-4135-9225-27C3DA532ADF}.Debug|ARM.ActiveCfg = Debug|iPhone
		{9932F765-EBFF-4135-9225-27C3DA532ADF}.Debug|iPhone.ActiveCfg = Debug|iPhone
		{9932F765-EBFF-4135-9225-27C3DA532ADF}.Debug|iPhone.Build.0 = Debug|iPhone
		{9932F765-EBFF-4135-9225-27C3DA532ADF}.Debug|iPhoneSimulator.ActiveCfg = Debug|iPhoneSimulator
		{9932F765-EBFF-4135-9225-27C3DA532ADF}.Debug|iPhoneSimulator.Build.0 = Debug|iPhoneSimulator
		{9932F765-EBFF-4135-9225-27C3DA532ADF}.Debug|x64.ActiveCfg = Debug|iPhone
		{9932F765-EBFF-4135-9225-27C3DA532ADF}.Debug|x86.ActiveCfg = Debug|iPhone
		{9932F765-EBFF-4135-9225-27C3DA532ADF}.Release|Any CPU.ActiveCfg = Release|iPhone
		{9932F765-EBFF-4135-9225-27C3DA532ADF}.Release|ARM.ActiveCfg = Release|iPhone
		{9932F765-EBFF-4135-9225-27C3DA532ADF}.Release|iPhone.ActiveCfg = Release|iPhone
		{9932F765-EBFF-4135-9225-27C3DA532ADF}.Release|iPhone.Build.0 = Release|iPhone
		{9932F765-EBFF-4135-9225-27C3DA532ADF}.Release|iPhoneSimulator.ActiveCfg = Release|iPhoneSimulator
		{9932F765-EBFF-4135-9225-27C3DA532ADF}.Release|iPhoneSimulator.Build.0 = Release|iPhoneSimulator
		{9932F765-EBFF-4135-9225-27C3DA532ADF}.Release|x64.ActiveCfg = Release|iPhone
		{9932F765-EBFF-4135-9225-27C3DA532ADF}.Release|x86.ActiveCfg = Release|iPhone
	EndGlobalSection
	GlobalSection(SolutionProperties) = preSolution
		HideSolutionNode = FALSE
	EndGlobalSection
EndGlobal
